
Microsoft Visual Studio Solution File, Format Version 12.00
# Visual Studio 15
VisualStudioVersion = 15.0.28307.572
MinimumVisualStudioVersion = 10.0.40219.1
Project("{FAE04EC0-301F-11D3-BF4B-00C04F79EFBC}") = "SigloXXI", "SigloXXI\SigloXXI.csproj", "{AE97EE96-FD39-45B9-9405-05ADAC5910FC}"
EndProject
Global
	GlobalSection(SolutionConfigurationPlatforms) = preSolution
		Debug|Any CPU = Debug|Any CPU
		Release|Any CPU = Release|Any CPU
	EndGlobalSection
	GlobalSection(ProjectConfigurationPlatforms) = postSolution
		{AE97EE96-FD39-45B9-9405-05ADAC5910FC}.Debug|Any CPU.ActiveCfg = Debug|Any CPU
		{AE97EE96-FD39-45B9-9405-05ADAC5910FC}.Debug|Any CPU.Build.0 = Debug|Any CPU
		{AE97EE96-FD39-45B9-9405-05ADAC5910FC}.Release|Any CPU.ActiveCfg = Release|Any CPU
		{AE97EE96-FD39-45B9-9405-05ADAC5910FC}.Release|Any CPU.Build.0 = Release|Any CPU
	EndGlobalSection
	GlobalSection(SolutionProperties) = preSolution
		HideSolutionNode = FALSE
	EndGlobalSection
	GlobalSection(ExtensibilityGlobals) = postSolution
		SolutionGuid = {1D75172D-D3EE-429B-A705-2F5974C8B15C}
	EndGlobalSection
EndGlobal
